
Microsoft Visual Studio Solution File, Format Version 12.00
# Visual Studio Version 16
VisualStudioVersion = 16.0.30503.244
MinimumVisualStudioVersion = 10.0.40219.1
Project("{FAE04EC0-301F-11D3-BF4B-00C04F79EFBC}") = "Trailer Manager", "Trailer Manager\Trailer Manager.csproj", "{D9581D75-5833-4600-9C67-780F8ADD2E03}"
EndProject
Global
	GlobalSection(SolutionConfigurationPlatforms) = preSolution
		Debug|x64 = Debug|x64
	EndGlobalSection
	GlobalSection(ProjectConfigurationPlatforms) = postSolution
		{D9581D75-5833-4600-9C67-780F8ADD2E03}.Debug|x64.ActiveCfg = Debug|x64
		{D9581D75-5833-4600-9C67-780F8ADD2E03}.Debug|x64.Build.0 = Debug|x64
	EndGlobalSection
	GlobalSection(SolutionProperties) = preSolution
		HideSolutionNode = FALSE
	EndGlobalSection
	GlobalSection(ExtensibilityGlobals) = postSolution
		SolutionGuid = {E3C850A0-5BB3-45A4-A839-0FC140674E63}
	EndGlobalSection
EndGlobal
